
Microsoft Visual Studio Solution File, Format Version 12.00
# Visual Studio Version 17
VisualStudioVersion = 17.14.36811.4 d17.14
MinimumVisualStudioVersion = 10.0.40219.1
Project("{FAE04EC0-301F-11D3-BF4B-00C04F79EFBC}") = "KASHOP.PL", "KASHOP.PL\KASHOP.PL.csproj", "{299536AC-476E-438F-940E-07D962505654}"
EndProject
Project("{FAE04EC0-301F-11D3-BF4B-00C04F79EFBC}") = "KASHOP.BLL", "KASHOP.BLL\KASHOP.BLL.csproj", "{7397B7C7-2EC7-4887-948E-21A1E780E94F}"
EndProject
Project("{FAE04EC0-301F-11D3-BF4B-00C04F79EFBC}") = "KASHOP.DAL", "KASHOP.DAL\KASHOP.DAL.csproj", "{41810534-3FD8-48FC-A67D-3D94B4119F5F}"
EndProject
Global
	GlobalSection(SolutionConfigurationPlatforms) = preSolution
		Debug|Any CPU = Debug|Any CPU
		Release|Any CPU = Release|Any CPU
	EndGlobalSection
	GlobalSection(ProjectConfigurationPlatforms) = postSolution
		{299536AC-476E-438F-940E-07D962505654}.Debug|Any CPU.ActiveCfg = Debug|Any CPU
		{299536AC-476E-438F-940E-07D962505654}.Debug|Any CPU.Build.0 = Debug|Any CPU
		{299536AC-476E-438F-940E-07D962505654}.Release|Any CPU.ActiveCfg = Release|Any CPU
		{299536AC-476E-438F-940E-07D962505654}.Release|Any CPU.Build.0 = Release|Any CPU
		{7397B7C7-2EC7-4887-948E-21A1E780E94F}.Debug|Any CPU.ActiveCfg = Debug|Any CPU
		{7397B7C7-2EC7-4887-948E-21A1E780E94F}.Debug|Any CPU.Build.0 = Debug|Any CPU
		{7397B7C7-2EC7-4887-948E-21A1E780E94F}.Release|Any CPU.ActiveCfg = Release|Any CPU
		{7397B7C7-2EC7-4887-948E-21A1E780E94F}.Release|Any CPU.Build.0 = Release|Any CPU
		{41810534-3FD8-48FC-A67D-3D94B4119F5F}.Debug|Any CPU.ActiveCfg = Debug|Any CPU
		{41810534-3FD8-48FC-A67D-3D94B4119F5F}.Debug|Any CPU.Build.0 = Debug|Any CPU
		{41810534-3FD8-48FC-A67D-3D94B4119F5F}.Release|Any CPU.ActiveCfg = Release|Any CPU
		{41810534-3FD8-48FC-A67D-3D94B4119F5F}.Release|Any CPU.Build.0 = Release|Any CPU
	EndGlobalSection
	GlobalSection(SolutionProperties) = preSolution
		HideSolutionNode = FALSE
	EndGlobalSection
	GlobalSection(ExtensibilityGlobals) = postSolution
		SolutionGuid = {75629B1E-71C8-42F0-A699-5CBF729D2E78}
	EndGlobalSection
EndGlobal
